{
  "pins" : [
    {
      "identity" : "swiftuicharts",
      "kind" : "remoteSourceControl",
      "location" : "https://github.com/willdale/SwiftUICharts",
      "state" : {
        "revision" : "7b50b531c36f30d41b5208f7dbc63df245936849",
        "version" : "2.9.9"
      }
    }
  ],
  "version" : 2
}
